# This file is automatically @generated by Cargo.
# It is not intended for manual editing.
version = 4

[[package]]
name = "core-bin-1"
version = "0.2.16"

[[package]]
name = "core-bin-2"
version = "0.2.16"

[[package]]
name = "core-test-1"
version = "0.2.16"

[[package]]
name = "core-test-2"
version = "0.2.16"

[[package]]
name = "core-test-3"
version = "0.2.16"
